{
  "name": "json-database-db",
  "version": "1.0.9",
  "lockfileVersion": 3,
  "requires": true,
  "packages": {
    "": {
      "name": "json-database-db",
      "version": "1.0.9",
      "license": "ISC",
      "dependencies": {
        "object-validatordb": "^1.0.34"
      },
      "devDependencies": {
        "@types/node": "^20.0.0",
        "typescript": "^5.0.4"
      }
    },
    "node_modules/@types/node": {
      "version": "20.8.2",
      "resolved": "https://registry.npmjs.org/@types/node/-/node-20.8.2.tgz",
      "integrity": "sha512-Vvycsc9FQdwhxE3y3DzeIxuEJbWGDsnrxvMADzTDF/lcdR9/K+AQIeAghTQsHtotg/q0j3WEOYS/jQgSdWue3w==",
      "dev": true
    },
    "node_modules/object-validatordb": {
      "version": "1.0.34",
      "resolved": "https://registry.npmjs.org/object-validatordb/-/object-validatordb-1.0.34.tgz",
      "integrity": "sha512-wdP+aUkR5ZvMSglKb7zo/8PAamCfodCaHSMScUsZHDtML4jGIB9sge9xtxPV+d+K/PX/sp6oHeVeqsYQznLOxw=="
    },
    "node_modules/typescript": {
      "version": "5.2.2",
      "resolved": "https://registry.npmjs.org/typescript/-/typescript-5.2.2.tgz",
      "integrity": "sha512-mI4WrpHsbCIcwT9cF4FZvr80QUeKvsUsUvKDoR+X/7XHQH98xYD8YHZg7ANtz2GtZt/CBq2QJ0thkGJMHfqc1w==",
      "dev": true,
      "bin": {
        "tsc": "bin/tsc",
        "tsserver": "bin/tsserver"
      },
      "engines": {
        "node": ">=14.17"
      }
    }
  }
}
